<?xml version="1.0" encoding="utf-8"?>
<Project ToolsVersion="4.0" xmlns="http://schemas.microsoft.com/developer/msbuild/2003">
  <ItemGroup>
    <Filter Include="Source Files">
      <UniqueIdentifier>{4FC737F1-C7A5-4376-A066-2A32D752A2FF}</UniqueIdentifier>
      <Extensions>cpp;c;cc;cxx;def;odl;idl;hpj;bat;asm;asmx</Extensions>
    </Filter>
    <Filter Include="Header Files">
      <UniqueIdentifier>{93995380-89BD-4b04-88EB-625FBE52EBFB}</UniqueIdentifier>
      <Extensions>h;hh;hpp;hxx;hm;inl;inc;xsd</Extensions>
    </Filter>
    <Filter Include="Resource Files">
      <UniqueIdentifier>{67DA6AB6-F800-4c08-8B7A-83BB121AAD01}</UniqueIdentifier>
      <Extensions>rc;ico;cur;bmp;dlg;rc2;rct;bin;rgs;gif;jpg;jpeg;jpe;resx;tiff;tif;png;wav;mfcribbon-ms</Extensions>
    </Filter>
  </ItemGroup>
  <ItemGroup>
    <ClCompile Include="main.cpp">
      <Filter>Source Files</Filter>
    </ClCompile>
    <ClCompile Include="Statystyki.cpp">
      <Filter>Source Files</Filter>
    </ClCompile>
    <ClCompile Include="Paladyn.cpp">
      <Filter>Source Files</Filter>
    </ClCompile>
    <ClCompile Include="Barbazynca.cpp">
      <Filter>Source Files</Filter>
    </ClCompile>
    <ClCompile Include="Wojownik.cpp">
      <Filter>Source Files</Filter>
    </ClCompile>
    <ClCompile Include="Potwor.cpp">
      <Filter>Source Files</Filter>
    </ClCompile>
    <ClCompile Include="Postac.cpp">
      <Filter>Source Files</Filter>
    </ClCompile>
    <ClCompile Include="..\..\..\12%3b00 11.1\Projekt\Projekt\Przedmiot.cpp">
      <Filter>Source Files</Filter>
    </ClCompile>
    <ClCompile Include="..\..\..\12%3b00 11.1\Projekt\Projekt\Miecz.cpp">
      <Filter>Source Files</Filter>
    </ClCompile>
    <ClCompile Include="..\..\..\12%3b00 11.1\Projekt\Projekt\Error.cpp">
      <Filter>Source Files</Filter>
    </ClCompile>
    <ClCompile Include="..\..\..\12%3b00 11.1\Projekt\Projekt\Warunki_error.cpp">
      <Filter>Source Files</Filter>
    </ClCompile>
    <ClCompile Include="..\..\..\12%3b00 11.1\Projekt\Projekt\Miecz_dwureczny.cpp">
      <Filter>Source Files</Filter>
    </ClCompile>
    <ClCompile Include="..\..\..\12%3b00 11.1\Projekt\Projekt\Topor.cpp">
      <Filter>Source Files</Filter>
    </ClCompile>
    <ClCompile Include="..\..\..\12%3b00 11.1\Projekt\Projekt\Tarcza.cpp">
      <Filter>Source Files</Filter>
    </ClCompile>
    <ClCompile Include="..\..\..\12%3b00 11.1\Projekt\Projekt\Zbroja.cpp">
      <Filter>Source Files</Filter>
    </ClCompile>
    <ClCompile Include="..\..\..\12%3b00 11.1\Projekt\Projekt\Przeciwnik_areny.cpp">
      <Filter>Source Files</Filter>
    </ClCompile>
  </ItemGroup>
  <ItemGroup>
    <ClInclude Include="Statystyki.h">
      <Filter>Header Files</Filter>
    </ClInclude>
    <ClInclude Include="Paladyn.h">
      <Filter>Header Files</Filter>
    </ClInclude>
    <ClInclude Include="Barbazynca.h">
      <Filter>Header Files</Filter>
    </ClInclude>
    <ClInclude Include="Wojownik.h">
      <Filter>Header Files</Filter>
    </ClInclude>
    <ClInclude Include="Potwor.h">
      <Filter>Header Files</Filter>
    </ClInclude>
    <ClInclude Include="Postac.h">
      <Filter>Header Files</Filter>
    </ClInclude>
    <ClInclude Include="..\..\..\12%3b00 11.1\Projekt\Projekt\All.h">
      <Filter>Header Files</Filter>
    </ClInclude>
    <ClInclude Include="..\..\..\12%3b00 11.1\Projekt\Projekt\Przedmiot.h">
      <Filter>Header Files</Filter>
    </ClInclude>
    <ClInclude Include="..\..\..\12%3b00 11.1\Projekt\Projekt\Miecz.h">
      <Filter>Header Files</Filter>
    </ClInclude>
    <ClInclude Include="..\..\..\12%3b00 11.1\Projekt\Projekt\Error.h">
      <Filter>Header Files</Filter>
    </ClInclude>
    <ClInclude Include="..\..\..\12%3b00 11.1\Projekt\Projekt\Miecz_dwureczny.h">
      <Filter>Header Files</Filter>
    </ClInclude>
    <ClInclude Include="..\..\..\12%3b00 11.1\Projekt\Projekt\Topor.h">
      <Filter>Header Files</Filter>
    </ClInclude>
    <ClInclude Include="..\..\..\12%3b00 11.1\Projekt\Projekt\Tarcza.h">
      <Filter>Header Files</Filter>
    </ClInclude>
    <ClInclude Include="..\..\..\12%3b00 11.1\Projekt\Projekt\Zbroja.h">
      <Filter>Header Files</Filter>
    </ClInclude>
    <ClInclude Include="..\..\..\12%3b00 11.1\Projekt\Projekt\Przeciwnik_areny.h">
      <Filter>Header Files</Filter>
    </ClInclude>
  </ItemGroup>
  <ItemGroup>
    <None Include="..\..\..\12%3b00 11.1\Projekt\Projekt\ClassDiagram.cd" />
  </ItemGroup>
</Project>